
Microsoft Visual Studio Solution File, Format Version 12.00
# Visual Studio Version 17
VisualStudioVersion = 17.13.35818.85 d17.13
MinimumVisualStudioVersion = 10.0.40219.1
Project("{FAE04EC0-301F-11D3-BF4B-00C04F79EFBC}") = "modul6_103022300141", "modul6_103022300141.csproj", "{1BD2C8DD-E3B8-40C7-B27C-94009B9C2D4D}"
EndProject
Global
	GlobalSection(SolutionConfigurationPlatforms) = preSolution
		Debug|Any CPU = Debug|Any CPU
		Release|Any CPU = Release|Any CPU
	EndGlobalSection
	GlobalSection(ProjectConfigurationPlatforms) = postSolution
		{1BD2C8DD-E3B8-40C7-B27C-94009B9C2D4D}.Debug|Any CPU.ActiveCfg = Debug|Any CPU
		{1BD2C8DD-E3B8-40C7-B27C-94009B9C2D4D}.Debug|Any CPU.Build.0 = Debug|Any CPU
		{1BD2C8DD-E3B8-40C7-B27C-94009B9C2D4D}.Release|Any CPU.ActiveCfg = Release|Any CPU
		{1BD2C8DD-E3B8-40C7-B27C-94009B9C2D4D}.Release|Any CPU.Build.0 = Release|Any CPU
	EndGlobalSection
	GlobalSection(SolutionProperties) = preSolution
		HideSolutionNode = FALSE
	EndGlobalSection
	GlobalSection(ExtensibilityGlobals) = postSolution
		SolutionGuid = {81AA9134-73EB-4807-AB69-DEB28B71E314}
	EndGlobalSection
EndGlobal
